// !$*UTF8*$!
{
	archiveVersion = 1;
	classes = {
	};
	objectVersion = 52;
	objects = {

/* Begin PBXBuildFile section */
		D72B338226E94A090092669D /* APIClient.swift in Sources */ = {isa = PBXBuildFile; fileRef = D72B337326E94A090092669D /* APIClient.swift */; };
		D72B338726E94A090092669D /* Endpoint.swift in Sources */ = {isa = PBXBuildFile; fileRef = D72B337C26E94A090092669D /* Endpoint.swift */; };
		D72B338926E94ADA0092669D /* BoredResponse.swift in Sources */ = {isa = PBXBuildFile; fileRef = D72B338826E94ADA0092669D /* BoredResponse.swift */; };
		D72B338C26E94B870092669D /* BoredAPIProvider.swift in Sources */ = {isa = PBXBuildFile; fileRef = D72B338B26E94B870092669D /* BoredAPIProvider.swift */; };
		D72B338E26E94D3F0092669D /* APIError.swift in Sources */ = {isa = PBXBuildFile; fileRef = D72B338D26E94D3F0092669D /* APIError.swift */; };
		D72B339626E94D860092669D /* CharacterSet+Extensions.swift in Sources */ = {isa = PBXBuildFile; fileRef = D72B339126E94D860092669D /* CharacterSet+Extensions.swift */; };
		D72B339726E94D860092669D /* URLRequest+Extensions.swift in Sources */ = {isa = PBXBuildFile; fileRef = D72B339226E94D860092669D /* URLRequest+Extensions.swift */; };
		D72B339826E94D860092669D /* Dictionary+Extensions.swift in Sources */ = {isa = PBXBuildFile; fileRef = D72B339326E94D860092669D /* Dictionary+Extensions.swift */; };
		D72B339926E94D860092669D /* Descriptable.swift in Sources */ = {isa = PBXBuildFile; fileRef = D72B339526E94D860092669D /* Descriptable.swift */; };
		D72B339B26E94FD40092669D /* BoredAPIClient.swift in Sources */ = {isa = PBXBuildFile; fileRef = D72B339A26E94FD40092669D /* BoredAPIClient.swift */; };
		D72FADFC26E98B4B0061A1C5 /* EndpointTest.swift in Sources */ = {isa = PBXBuildFile; fileRef = D72FADFB26E98B4B0061A1C5 /* EndpointTest.swift */; };
		D72FADFF26E98BB00061A1C5 /* EndpointProvider.swift in Sources */ = {isa = PBXBuildFile; fileRef = D72FADFE26E98BB00061A1C5 /* EndpointProvider.swift */; };
		D73B623126EA1F7900C70E65 /* URLGenerationTests.swift in Sources */ = {isa = PBXBuildFile; fileRef = D73B623026EA1F7900C70E65 /* URLGenerationTests.swift */; };
		D73B623526EA212100C70E65 /* MockURLProtocol.swift in Sources */ = {isa = PBXBuildFile; fileRef = D73B623426EA212100C70E65 /* MockURLProtocol.swift */; };
		D73B623726EA228400C70E65 /* BoredAPIClientTest.swift in Sources */ = {isa = PBXBuildFile; fileRef = D73B623626EA228400C70E65 /* BoredAPIClientTest.swift */; };
		D73B623926EA231400C70E65 /* boredAPIResponseMock.json in Resources */ = {isa = PBXBuildFile; fileRef = D73B623826EA231400C70E65 /* boredAPIResponseMock.json */; };
		D745E3A126EA2AA900CA04F8 /* Quick in Frameworks */ = {isa = PBXBuildFile; productRef = D745E3A026EA2AA900CA04F8 /* Quick */; };
		D745E3A326EA2AAD00CA04F8 /* Nimble in Frameworks */ = {isa = PBXBuildFile; productRef = D745E3A226EA2AAD00CA04F8 /* Nimble */; };
		D7E8109723259EA600B5A868 /* AppDelegate.swift in Sources */ = {isa = PBXBuildFile; fileRef = D7E8109623259EA600B5A868 /* AppDelegate.swift */; };
		D7E8109923259EA600B5A868 /* ViewController.swift in Sources */ = {isa = PBXBuildFile; fileRef = D7E8109823259EA600B5A868 /* ViewController.swift */; };
		D7E8109E23259EA800B5A868 /* Assets.xcassets in Resources */ = {isa = PBXBuildFile; fileRef = D7E8109D23259EA800B5A868 /* Assets.xcassets */; };
		D7E810A123259EA800B5A868 /* LaunchScreen.storyboard in Resources */ = {isa = PBXBuildFile; fileRef = D7E8109F23259EA800B5A868 /* LaunchScreen.storyboard */; };
/* End PBXBuildFile section */

/* Begin PBXContainerItemProxy section */
		D72FADF326E98A810061A1C5 /* PBXContainerItemProxy */ = {
			isa = PBXContainerItemProxy;
			containerPortal = D7E8108B23259EA500B5A868 /* Project object */;
			proxyType = 1;
			remoteGlobalIDString = D7E8109223259EA600B5A868;
			remoteInfo = GenericRequest;
		};
/* End PBXContainerItemProxy section */

/* Begin PBXFileReference section */
		D72B337326E94A090092669D /* APIClient.swift */ = {isa = PBXFileReference; fileEncoding = 4; lastKnownFileType = sourcecode.swift; path = APIClient.swift; sourceTree = "<group>"; };
		D72B337C26E94A090092669D /* Endpoint.swift */ = {isa = PBXFileReference; fileEncoding = 4; lastKnownFileType = sourcecode.swift; path = Endpoint.swift; sourceTree = "<group>"; };
		D72B338826E94ADA0092669D /* BoredResponse.swift */ = {isa = PBXFileReference; lastKnownFileType = sourcecode.swift; path = BoredResponse.swift; sourceTree = "<group>"; };
		D72B338B26E94B870092669D /* BoredAPIProvider.swift */ = {isa = PBXFileReference; lastKnownFileType = sourcecode.swift; path = BoredAPIProvider.swift; sourceTree = "<group>"; };
		D72B338D26E94D3F0092669D /* APIError.swift */ = {isa = PBXFileReference; lastKnownFileType = sourcecode.swift; path = APIError.swift; sourceTree = "<group>"; };
		D72B339126E94D860092669D /* CharacterSet+Extensions.swift */ = {isa = PBXFileReference; fileEncoding = 4; lastKnownFileType = sourcecode.swift; path = "CharacterSet+Extensions.swift"; sourceTree = "<group>"; };
		D72B339226E94D860092669D /* URLRequest+Extensions.swift */ = {isa = PBXFileReference; fileEncoding = 4; lastKnownFileType = sourcecode.swift; path = "URLRequest+Extensions.swift"; sourceTree = "<group>"; };
		D72B339326E94D860092669D /* Dictionary+Extensions.swift */ = {isa = PBXFileReference; fileEncoding = 4; lastKnownFileType = sourcecode.swift; path = "Dictionary+Extensions.swift"; sourceTree = "<group>"; };
		D72B339526E94D860092669D /* Descriptable.swift */ = {isa = PBXFileReference; fileEncoding = 4; lastKnownFileType = sourcecode.swift; path = Descriptable.swift; sourceTree = "<group>"; };
		D72B339A26E94FD40092669D /* BoredAPIClient.swift */ = {isa = PBXFileReference; lastKnownFileType = sourcecode.swift; path = BoredAPIClient.swift; sourceTree = "<group>"; };
		D72FADEE26E98A800061A1C5 /* GenericRequestTests.xctest */ = {isa = PBXFileReference; explicitFileType = wrapper.cfbundle; includeInIndex = 0; path = GenericRequestTests.xctest; sourceTree = BUILT_PRODUCTS_DIR; };
		D72FADF226E98A810061A1C5 /* Info.plist */ = {isa = PBXFileReference; lastKnownFileType = text.plist.xml; path = Info.plist; sourceTree = "<group>"; };
		D72FADFB26E98B4B0061A1C5 /* EndpointTest.swift */ = {isa = PBXFileReference; lastKnownFileType = sourcecode.swift; path = EndpointTest.swift; sourceTree = "<group>"; };
		D72FADFE26E98BB00061A1C5 /* EndpointProvider.swift */ = {isa = PBXFileReference; lastKnownFileType = sourcecode.swift; path = EndpointProvider.swift; sourceTree = "<group>"; };
		D73B623026EA1F7900C70E65 /* URLGenerationTests.swift */ = {isa = PBXFileReference; lastKnownFileType = sourcecode.swift; path = URLGenerationTests.swift; sourceTree = "<group>"; };
		D73B623426EA212100C70E65 /* MockURLProtocol.swift */ = {isa = PBXFileReference; lastKnownFileType = sourcecode.swift; path = MockURLProtocol.swift; sourceTree = "<group>"; };
		D73B623626EA228400C70E65 /* BoredAPIClientTest.swift */ = {isa = PBXFileReference; lastKnownFileType = sourcecode.swift; path = BoredAPIClientTest.swift; sourceTree = "<group>"; };
		D73B623826EA231400C70E65 /* boredAPIResponseMock.json */ = {isa = PBXFileReference; lastKnownFileType = text.json; path = boredAPIResponseMock.json; sourceTree = "<group>"; };
		D7E8109323259EA600B5A868 /* GenericRequest.app */ = {isa = PBXFileReference; explicitFileType = wrapper.application; includeInIndex = 0; path = GenericRequest.app; sourceTree = BUILT_PRODUCTS_DIR; };
		D7E8109623259EA600B5A868 /* AppDelegate.swift */ = {isa = PBXFileReference; lastKnownFileType = sourcecode.swift; path = AppDelegate.swift; sourceTree = "<group>"; };
		D7E8109823259EA600B5A868 /* ViewController.swift */ = {isa = PBXFileReference; lastKnownFileType = sourcecode.swift; path = ViewController.swift; sourceTree = "<group>"; };
		D7E8109D23259EA800B5A868 /* Assets.xcassets */ = {isa = PBXFileReference; lastKnownFileType = folder.assetcatalog; path = Assets.xcassets; sourceTree = "<group>"; };
		D7E810A023259EA800B5A868 /* Base */ = {isa = PBXFileReference; lastKnownFileType = file.storyboard; name = Base; path = Base.lproj/LaunchScreen.storyboard; sourceTree = "<group>"; };
		D7E810A223259EA800B5A868 /* Info.plist */ = {isa = PBXFileReference; lastKnownFileType = text.plist.xml; path = Info.plist; sourceTree = "<group>"; };
/* End PBXFileReference section */

/* Begin PBXFrameworksBuildPhase section */
		D72FADEB26E98A800061A1C5 /* Frameworks */ = {
			isa = PBXFrameworksBuildPhase;
			buildActionMask = 2147483647;
			files = (
				D745E3A126EA2AA900CA04F8 /* Quick in Frameworks */,
				D745E3A326EA2AAD00CA04F8 /* Nimble in Frameworks */,
			);
			runOnlyForDeploymentPostprocessing = 0;
		};
		D7E8109023259EA600B5A868 /* Frameworks */ = {
			isa = PBXFrameworksBuildPhase;
			buildActionMask = 2147483647;
			files = (
			);
			runOnlyForDeploymentPostprocessing = 0;
		};
/* End PBXFrameworksBuildPhase section */

/* Begin PBXGroup section */
		D72B336C26E94A090092669D /* Network Infrastructure */ = {
			isa = PBXGroup;
			children = (
				D72B337426E94A090092669D /* Services */,
				D72B337A26E94A090092669D /* Entities */,
				D72B337C26E94A090092669D /* Endpoint.swift */,
				D72B337326E94A090092669D /* APIClient.swift */,
				D72B338D26E94D3F0092669D /* APIError.swift */,
			);
			path = "Network Infrastructure";
			sourceTree = "<group>";
		};
		D72B337426E94A090092669D /* Services */ = {
			isa = PBXGroup;
			children = (
				D72B338A26E94B630092669D /* BoredAPI */,
			);
			path = Services;
			sourceTree = "<group>";
		};
		D72B337A26E94A090092669D /* Entities */ = {
			isa = PBXGroup;
			children = (
				D72B338826E94ADA0092669D /* BoredResponse.swift */,
			);
			path = Entities;
			sourceTree = "<group>";
		};
		D72B338A26E94B630092669D /* BoredAPI */ = {
			isa = PBXGroup;
			children = (
				D72B339A26E94FD40092669D /* BoredAPIClient.swift */,
				D72B338B26E94B870092669D /* BoredAPIProvider.swift */,
			);
			path = BoredAPI;
			sourceTree = "<group>";
		};
		D72B338F26E94D860092669D /* Helpers */ = {
			isa = PBXGroup;
			children = (
				D72B339026E94D860092669D /* Extensions */,
				D72B339426E94D860092669D /* Protocols */,
			);
			path = Helpers;
			sourceTree = "<group>";
		};
		D72B339026E94D860092669D /* Extensions */ = {
			isa = PBXGroup;
			children = (
				D72B339126E94D860092669D /* CharacterSet+Extensions.swift */,
				D72B339226E94D860092669D /* URLRequest+Extensions.swift */,
				D72B339326E94D860092669D /* Dictionary+Extensions.swift */,
			);
			path = Extensions;
			sourceTree = "<group>";
		};
		D72B339426E94D860092669D /* Protocols */ = {
			isa = PBXGroup;
			children = (
				D72B339526E94D860092669D /* Descriptable.swift */,
			);
			path = Protocols;
			sourceTree = "<group>";
		};
		D72FADEF26E98A810061A1C5 /* GenericRequestTests */ = {
			isa = PBXGroup;
			children = (
				D73B623226EA20F600C70E65 /* Helpers */,
				D72FADFD26E98B690061A1C5 /* Network Tests */,
				D72FADF226E98A810061A1C5 /* Info.plist */,
			);
			path = GenericRequestTests;
			sourceTree = "<group>";
		};
		D72FADFD26E98B690061A1C5 /* Network Tests */ = {
			isa = PBXGroup;
			children = (
				D72FADFB26E98B4B0061A1C5 /* EndpointTest.swift */,
				D73B623026EA1F7900C70E65 /* URLGenerationTests.swift */,
				D73B623626EA228400C70E65 /* BoredAPIClientTest.swift */,
			);
			path = "Network Tests";
			sourceTree = "<group>";
		};
		D73B623226EA20F600C70E65 /* Helpers */ = {
			isa = PBXGroup;
			children = (
				D72FADFE26E98BB00061A1C5 /* EndpointProvider.swift */,
				D73B623426EA212100C70E65 /* MockURLProtocol.swift */,
				D73B623826EA231400C70E65 /* boredAPIResponseMock.json */,
			);
			path = Helpers;
			sourceTree = "<group>";
		};
		D745E39F26EA2AA900CA04F8 /* Frameworks */ = {
			isa = PBXGroup;
			children = (
			);
			name = Frameworks;
			sourceTree = "<group>";
		};
		D7E8108A23259EA500B5A868 = {
			isa = PBXGroup;
			children = (
				D7E8109523259EA600B5A868 /* GenericRequest */,
				D72FADEF26E98A810061A1C5 /* GenericRequestTests */,
				D7E8109423259EA600B5A868 /* Products */,
				D745E39F26EA2AA900CA04F8 /* Frameworks */,
			);
			sourceTree = "<group>";
		};
		D7E8109423259EA600B5A868 /* Products */ = {
			isa = PBXGroup;
			children = (
				D7E8109323259EA600B5A868 /* GenericRequest.app */,
				D72FADEE26E98A800061A1C5 /* GenericRequestTests.xctest */,
			);
			name = Products;
			sourceTree = "<group>";
		};
		D7E8109523259EA600B5A868 /* GenericRequest */ = {
			isa = PBXGroup;
			children = (
				D7E8109623259EA600B5A868 /* AppDelegate.swift */,
				D7E8109823259EA600B5A868 /* ViewController.swift */,
				D7E8109D23259EA800B5A868 /* Assets.xcassets */,
				D7E8109F23259EA800B5A868 /* LaunchScreen.storyboard */,
				D7E810A223259EA800B5A868 /* Info.plist */,
				D72B338F26E94D860092669D /* Helpers */,
				D72B336C26E94A090092669D /* Network Infrastructure */,
			);
			path = GenericRequest;
			sourceTree = "<group>";
		};
/* End PBXGroup section */

/* Begin PBXNativeTarget section */
		D72FADED26E98A800061A1C5 /* GenericRequestTests */ = {
			isa = PBXNativeTarget;
			buildConfigurationList = D72FADF526E98A810061A1C5 /* Build configuration list for PBXNativeTarget "GenericRequestTests" */;
			buildPhases = (
				D72FADEA26E98A800061A1C5 /* Sources */,
				D72FADEB26E98A800061A1C5 /* Frameworks */,
				D72FADEC26E98A800061A1C5 /* Resources */,
			);
			buildRules = (
			);
			dependencies = (
				D72FADF426E98A810061A1C5 /* PBXTargetDependency */,
			);
			name = GenericRequestTests;
			packageProductDependencies = (
				D745E3A026EA2AA900CA04F8 /* Quick */,
				D745E3A226EA2AAD00CA04F8 /* Nimble */,
			);
			productName = GenericRequestTests;
			productReference = D72FADEE26E98A800061A1C5 /* GenericRequestTests.xctest */;
			productType = "com.apple.product-type.bundle.unit-test";
		};
		D7E8109223259EA600B5A868 /* GenericRequest */ = {
			isa = PBXNativeTarget;
			buildConfigurationList = D7E810A523259EA800B5A868 /* Build configuration list for PBXNativeTarget "GenericRequest" */;
			buildPhases = (
				D7E8108F23259EA600B5A868 /* Sources */,
				D7E8109023259EA600B5A868 /* Frameworks */,
				D7E8109123259EA600B5A868 /* Resources */,
			);
			buildRules = (
			);
			dependencies = (
			);
			name = GenericRequest;
			packageProductDependencies = (
			);
			productName = GenericRequest;
			productReference = D7E8109323259EA600B5A868 /* GenericRequest.app */;
			productType = "com.apple.product-type.application";
		};
/* End PBXNativeTarget section */

/* Begin PBXProject section */
		D7E8108B23259EA500B5A868 /* Project object */ = {
			isa = PBXProject;
			attributes = {
				LastSwiftUpdateCheck = 1250;
				LastUpgradeCheck = 1250;
				ORGANIZATIONNAME = "Levy Cristian";
				TargetAttributes = {
					D72FADED26E98A800061A1C5 = {
						CreatedOnToolsVersion = 12.5;
						TestTargetID = D7E8109223259EA600B5A868;
					};
					D7E8109223259EA600B5A868 = {
						CreatedOnToolsVersion = 10.3;
					};
				};
			};
			buildConfigurationList = D7E8108E23259EA500B5A868 /* Build configuration list for PBXProject "GenericRequest" */;
			compatibilityVersion = "Xcode 9.3";
			developmentRegion = en;
			hasScannedForEncodings = 0;
			knownRegions = (
				en,
				Base,
			);
			mainGroup = D7E8108A23259EA500B5A868;
			packageReferences = (
				D73B622A26EA1DF400C70E65 /* XCRemoteSwiftPackageReference "Quick" */,
				D73B622D26EA1E1800C70E65 /* XCRemoteSwiftPackageReference "Nimble" */,
			);
			productRefGroup = D7E8109423259EA600B5A868 /* Products */;
			projectDirPath = "";
			projectRoot = "";
			targets = (
				D7E8109223259EA600B5A868 /* GenericRequest */,
				D72FADED26E98A800061A1C5 /* GenericRequestTests */,
			);
		};
/* End PBXProject section */

/* Begin PBXResourcesBuildPhase section */
		D72FADEC26E98A800061A1C5 /* Resources */ = {
			isa = PBXResourcesBuildPhase;
			buildActionMask = 2147483647;
			files = (
				D73B623926EA231400C70E65 /* boredAPIResponseMock.json in Resources */,
			);
			runOnlyForDeploymentPostprocessing = 0;
		};
		D7E8109123259EA600B5A868 /* Resources */ = {
			isa = PBXResourcesBuildPhase;
			buildActionMask = 2147483647;
			files = (
				D7E810A123259EA800B5A868 /* LaunchScreen.storyboard in Resources */,
				D7E8109E23259EA800B5A868 /* Assets.xcassets in Resources */,
			);
			runOnlyForDeploymentPostprocessing = 0;
		};
/* End PBXResourcesBuildPhase section */

/* Begin PBXSourcesBuildPhase section */
		D72FADEA26E98A800061A1C5 /* Sources */ = {
			isa = PBXSourcesBuildPhase;
			buildActionMask = 2147483647;
			files = (
				D72FADFC26E98B4B0061A1C5 /* EndpointTest.swift in Sources */,
				D72FADFF26E98BB00061A1C5 /* EndpointProvider.swift in Sources */,
				D73B623726EA228400C70E65 /* BoredAPIClientTest.swift in Sources */,
				D73B623126EA1F7900C70E65 /* URLGenerationTests.swift in Sources */,
				D73B623526EA212100C70E65 /* MockURLProtocol.swift in Sources */,
			);
			runOnlyForDeploymentPostprocessing = 0;
		};
		D7E8108F23259EA600B5A868 /* Sources */ = {
			isa = PBXSourcesBuildPhase;
			buildActionMask = 2147483647;
			files = (
				D72B338726E94A090092669D /* Endpoint.swift in Sources */,
				D72B339826E94D860092669D /* Dictionary+Extensions.swift in Sources */,
				D72B338E26E94D3F0092669D /* APIError.swift in Sources */,
				D72B338C26E94B870092669D /* BoredAPIProvider.swift in Sources */,
				D72B339626E94D860092669D /* CharacterSet+Extensions.swift in Sources */,
				D7E8109923259EA600B5A868 /* ViewController.swift in Sources */,
				D72B338926E94ADA0092669D /* BoredResponse.swift in Sources */,
				D72B339B26E94FD40092669D /* BoredAPIClient.swift in Sources */,
				D72B339726E94D860092669D /* URLRequest+Extensions.swift in Sources */,
				D7E8109723259EA600B5A868 /* AppDelegate.swift in Sources */,
				D72B338226E94A090092669D /* APIClient.swift in Sources */,
				D72B339926E94D860092669D /* Descriptable.swift in Sources */,
			);
			runOnlyForDeploymentPostprocessing = 0;
		};
/* End PBXSourcesBuildPhase section */

/* Begin PBXTargetDependency section */
		D72FADF426E98A810061A1C5 /* PBXTargetDependency */ = {
			isa = PBXTargetDependency;
			target = D7E8109223259EA600B5A868 /* GenericRequest */;
			targetProxy = D72FADF326E98A810061A1C5 /* PBXContainerItemProxy */;
		};
/* End PBXTargetDependency section */

/* Begin PBXVariantGroup section */
		D7E8109F23259EA800B5A868 /* LaunchScreen.storyboard */ = {
			isa = PBXVariantGroup;
			children = (
				D7E810A023259EA800B5A868 /* Base */,
			);
			name = LaunchScreen.storyboard;
			sourceTree = "<group>";
		};
/* End PBXVariantGroup section */

/* Begin XCBuildConfiguration section */
		D72FADF626E98A810061A1C5 /* Debug */ = {
			isa = XCBuildConfiguration;
			buildSettings = {
				BUNDLE_LOADER = "$(TEST_HOST)";
				CODE_SIGN_STYLE = Automatic;
				DEVELOPMENT_TEAM = 84MA3JMGLA;
				ENABLE_TESTING_SEARCH_PATHS = YES;
				INFOPLIST_FILE = GenericRequestTests/Info.plist;
				IPHONEOS_DEPLOYMENT_TARGET = 14.5;
				LD_RUNPATH_SEARCH_PATHS = (
					"$(inherited)",
					"@executable_path/Frameworks",
					"@loader_path/Frameworks",
				);
				OTHER_LIBTOOLFLAGS = "";
				PRODUCT_BUNDLE_IDENTIFIER = anjos.levy.GenericRequestTests;
				PRODUCT_NAME = "$(TARGET_NAME)";
				SWIFT_VERSION = 5.0;
				TARGETED_DEVICE_FAMILY = "1,2";
				TEST_HOST = "$(BUILT_PRODUCTS_DIR)/GenericRequest.app/GenericRequest";
			};
			name = Debug;
		};
		D72FADF726E98A810061A1C5 /* Release */ = {
			isa = XCBuildConfiguration;
			buildSettings = {
				BUNDLE_LOADER = "$(TEST_HOST)";
				CODE_SIGN_STYLE = Automatic;
				DEVELOPMENT_TEAM = 84MA3JMGLA;
				ENABLE_TESTING_SEARCH_PATHS = YES;
				INFOPLIST_FILE = GenericRequestTests/Info.plist;
				IPHONEOS_DEPLOYMENT_TARGET = 14.5;
				LD_RUNPATH_SEARCH_PATHS = (
					"$(inherited)",
					"@executable_path/Frameworks",
					"@loader_path/Frameworks",
				);
				OTHER_LIBTOOLFLAGS = "";
				PRODUCT_BUNDLE_IDENTIFIER = anjos.levy.GenericRequestTests;
				PRODUCT_NAME = "$(TARGET_NAME)";
				SWIFT_VERSION = 5.0;
				TARGETED_DEVICE_FAMILY = "1,2";
				TEST_HOST = "$(BUILT_PRODUCTS_DIR)/GenericRequest.app/GenericRequest";
			};
			name = Release;
		};
		D7E810A323259EA800B5A868 /* Debug */ = {
			isa = XCBuildConfiguration;
			buildSettings = {
				ALWAYS_SEARCH_USER_PATHS = NO;
				CLANG_ANALYZER_NONNULL = YES;
				CLANG_ANALYZER_NUMBER_OBJECT_CONVERSION = YES_AGGRESSIVE;
				CLANG_CXX_LANGUAGE_STANDARD = "gnu++14";
				CLANG_CXX_LIBRARY = "libc++";
				CLANG_ENABLE_MODULES = YES;
				CLANG_ENABLE_OBJC_ARC = YES;
				CLANG_ENABLE_OBJC_WEAK = YES;
				CLANG_WARN_BLOCK_CAPTURE_AUTORELEASING = YES;
				CLANG_WARN_BOOL_CONVERSION = YES;
				CLANG_WARN_COMMA = YES;
				CLANG_WARN_CONSTANT_CONVERSION = YES;
				CLANG_WARN_DEPRECATED_OBJC_IMPLEMENTATIONS = YES;
				CLANG_WARN_DIRECT_OBJC_ISA_USAGE = YES_ERROR;
				CLANG_WARN_DOCUMENTATION_COMMENTS = YES;
				CLANG_WARN_EMPTY_BODY = YES;
				CLANG_WARN_ENUM_CONVERSION = YES;
				CLANG_WARN_INFINITE_RECURSION = YES;
				CLANG_WARN_INT_CONVERSION = YES;
				CLANG_WARN_NON_LITERAL_NULL_CONVERSION = YES;
				CLANG_WARN_OBJC_IMPLICIT_RETAIN_SELF = YES;
				CLANG_WARN_OBJC_LITERAL_CONVERSION = YES;
				CLANG_WARN_OBJC_ROOT_CLASS = YES_ERROR;
				CLANG_WARN_QUOTED_INCLUDE_IN_FRAMEWORK_HEADER = YES;
				CLANG_WARN_RANGE_LOOP_ANALYSIS = YES;
				CLANG_WARN_STRICT_PROTOTYPES = YES;
				CLANG_WARN_SUSPICIOUS_MOVE = YES;
				CLANG_WARN_UNGUARDED_AVAILABILITY = YES_AGGRESSIVE;
				CLANG_WARN_UNREACHABLE_CODE = YES;
				CLANG_WARN__DUPLICATE_METHOD_MATCH = YES;
				CODE_SIGN_IDENTITY = "iPhone Developer";
				COPY_PHASE_STRIP = NO;
				DEBUG_INFORMATION_FORMAT = dwarf;
				ENABLE_STRICT_OBJC_MSGSEND = YES;
				ENABLE_TESTABILITY = YES;
				ENABLE_TESTING_SEARCH_PATHS = YES;
				GCC_C_LANGUAGE_STANDARD = gnu11;
				GCC_DYNAMIC_NO_PIC = NO;
				GCC_NO_COMMON_BLOCKS = YES;
				GCC_OPTIMIZATION_LEVEL = 0;
				GCC_PREPROCESSOR_DEFINITIONS = (
					"DEBUG=1",
					"$(inherited)",
				);
				GCC_WARN_64_TO_32_BIT_CONVERSION = YES;
				GCC_WARN_ABOUT_RETURN_TYPE = YES_ERROR;
				GCC_WARN_UNDECLARED_SELECTOR = YES;
				GCC_WARN_UNINITIALIZED_AUTOS = YES_AGGRESSIVE;
				GCC_WARN_UNUSED_FUNCTION = YES;
				GCC_WARN_UNUSED_VARIABLE = YES;
				IPHONEOS_DEPLOYMENT_TARGET = 14.5;
				MTL_ENABLE_DEBUG_INFO = INCLUDE_SOURCE;
				MTL_FAST_MATH = YES;
				ONLY_ACTIVE_ARCH = YES;
				OTHER_LIBTOOLFLAGS = "-weak_framework \"XCTest\"";
				SDKROOT = iphoneos;
				SWIFT_ACTIVE_COMPILATION_CONDITIONS = DEBUG;
				SWIFT_OPTIMIZATION_LEVEL = "-Onone";
			};
			name = Debug;
		};
		D7E810A423259EA800B5A868 /* Release */ = {
			isa = XCBuildConfiguration;
			buildSettings = {
				ALWAYS_SEARCH_USER_PATHS = NO;
				CLANG_ANALYZER_NONNULL = YES;
				CLANG_ANALYZER_NUMBER_OBJECT_CONVERSION = YES_AGGRESSIVE;
				CLANG_CXX_LANGUAGE_STANDARD = "gnu++14";
				CLANG_CXX_LIBRARY = "libc++";
				CLANG_ENABLE_MODULES = YES;
				CLANG_ENABLE_OBJC_ARC = YES;
				CLANG_ENABLE_OBJC_WEAK = YES;
				CLANG_WARN_BLOCK_CAPTURE_AUTORELEASING = YES;
				CLANG_WARN_BOOL_CONVERSION = YES;
				CLANG_WARN_COMMA = YES;
				CLANG_WARN_CONSTANT_CONVERSION = YES;
				CLANG_WARN_DEPRECATED_OBJC_IMPLEMENTATIONS = YES;
				CLANG_WARN_DIRECT_OBJC_ISA_USAGE = YES_ERROR;
				CLANG_WARN_DOCUMENTATION_COMMENTS = YES;
				CLANG_WARN_EMPTY_BODY = YES;
				CLANG_WARN_ENUM_CONVERSION = YES;
				CLANG_WARN_INFINITE_RECURSION = YES;
				CLANG_WARN_INT_CONVERSION = YES;
				CLANG_WARN_NON_LITERAL_NULL_CONVERSION = YES;
				CLANG_WARN_OBJC_IMPLICIT_RETAIN_SELF = YES;
				CLANG_WARN_OBJC_LITERAL_CONVERSION = YES;
				CLANG_WARN_OBJC_ROOT_CLASS = YES_ERROR;
				CLANG_WARN_QUOTED_INCLUDE_IN_FRAMEWORK_HEADER = YES;
				CLANG_WARN_RANGE_LOOP_ANALYSIS = YES;
				CLANG_WARN_STRICT_PROTOTYPES = YES;
				CLANG_WARN_SUSPICIOUS_MOVE = YES;
				CLANG_WARN_UNGUARDED_AVAILABILITY = YES_AGGRESSIVE;
				CLANG_WARN_UNREACHABLE_CODE = YES;
				CLANG_WARN__DUPLICATE_METHOD_MATCH = YES;
				CODE_SIGN_IDENTITY = "iPhone Developer";
				COPY_PHASE_STRIP = NO;
				DEBUG_INFORMATION_FORMAT = "dwarf-with-dsym";
				ENABLE_NS_ASSERTIONS = NO;
				ENABLE_STRICT_OBJC_MSGSEND = YES;
				ENABLE_TESTING_SEARCH_PATHS = YES;
				GCC_C_LANGUAGE_STANDARD = gnu11;
				GCC_NO_COMMON_BLOCKS = YES;
				GCC_WARN_64_TO_32_BIT_CONVERSION = YES;
				GCC_WARN_ABOUT_RETURN_TYPE = YES_ERROR;
				GCC_WARN_UNDECLARED_SELECTOR = YES;
				GCC_WARN_UNINITIALIZED_AUTOS = YES_AGGRESSIVE;
				GCC_WARN_UNUSED_FUNCTION = YES;
				GCC_WARN_UNUSED_VARIABLE = YES;
				IPHONEOS_DEPLOYMENT_TARGET = 14.5;
				MTL_ENABLE_DEBUG_INFO = NO;
				MTL_FAST_MATH = YES;
				OTHER_LIBTOOLFLAGS = "-weak_framework \"XCTest\"";
				SDKROOT = iphoneos;
				SWIFT_COMPILATION_MODE = wholemodule;
				SWIFT_OPTIMIZATION_LEVEL = "-O";
				VALIDATE_PRODUCT = YES;
			};
			name = Release;
		};
		D7E810A623259EA800B5A868 /* Debug */ = {
			isa = XCBuildConfiguration;
			buildSettings = {
				ASSETCATALOG_COMPILER_APPICON_NAME = AppIcon;
				CODE_SIGN_STYLE = Automatic;
				DEVELOPMENT_TEAM = 84MA3JMGLA;
				INFOPLIST_FILE = GenericRequest/Info.plist;
				LD_RUNPATH_SEARCH_PATHS = (
					"$(inherited)",
					"@executable_path/Frameworks",
				);
				PRODUCT_BUNDLE_IDENTIFIER = br.alu.ufc.cristian.levy.GenericRequest;
				PRODUCT_NAME = "$(TARGET_NAME)";
				SWIFT_VERSION = 5.0;
				TARGETED_DEVICE_FAMILY = "1,2";
			};
			name = Debug;
		};
		D7E810A723259EA800B5A868 /* Release */ = {
			isa = XCBuildConfiguration;
			buildSettings = {
				ASSETCATALOG_COMPILER_APPICON_NAME = AppIcon;
				CODE_SIGN_STYLE = Automatic;
				DEVELOPMENT_TEAM = 84MA3JMGLA;
				INFOPLIST_FILE = GenericRequest/Info.plist;
				LD_RUNPATH_SEARCH_PATHS = (
					"$(inherited)",
					"@executable_path/Frameworks",
				);
				PRODUCT_BUNDLE_IDENTIFIER = br.alu.ufc.cristian.levy.GenericRequest;
				PRODUCT_NAME = "$(TARGET_NAME)";
				SWIFT_VERSION = 5.0;
				TARGETED_DEVICE_FAMILY = "1,2";
			};
			name = Release;
		};
/* End XCBuildConfiguration section */

/* Begin XCConfigurationList section */
		D72FADF526E98A810061A1C5 /* Build configuration list for PBXNativeTarget "GenericRequestTests" */ = {
			isa = XCConfigurationList;
			buildConfigurations = (
				D72FADF626E98A810061A1C5 /* Debug */,
				D72FADF726E98A810061A1C5 /* Release */,
			);
			defaultConfigurationIsVisible = 0;
			defaultConfigurationName = Release;
		};
		D7E8108E23259EA500B5A868 /* Build configuration list for PBXProject "GenericRequest" */ = {
			isa = XCConfigurationList;
			buildConfigurations = (
				D7E810A323259EA800B5A868 /* Debug */,
				D7E810A423259EA800B5A868 /* Release */,
			);
			defaultConfigurationIsVisible = 0;
			defaultConfigurationName = Release;
		};
		D7E810A523259EA800B5A868 /* Build configuration list for PBXNativeTarget "GenericRequest" */ = {
			isa = XCConfigurationList;
			buildConfigurations = (
				D7E810A623259EA800B5A868 /* Debug */,
				D7E810A723259EA800B5A868 /* Release */,
			);
			defaultConfigurationIsVisible = 0;
			defaultConfigurationName = Release;
		};
/* End XCConfigurationList section */

/* Begin XCRemoteSwiftPackageReference section */
		D73B622A26EA1DF400C70E65 /* XCRemoteSwiftPackageReference "Quick" */ = {
			isa = XCRemoteSwiftPackageReference;
			repositoryURL = "https://github.com/Quick/Quick";
			requirement = {
				kind = upToNextMajorVersion;
				minimumVersion = 4.0.0;
			};
		};
		D73B622D26EA1E1800C70E65 /* XCRemoteSwiftPackageReference "Nimble" */ = {
			isa = XCRemoteSwiftPackageReference;
			repositoryURL = "https://github.com/Quick/Nimble";
			requirement = {
				kind = upToNextMajorVersion;
				minimumVersion = 9.2.1;
			};
		};
/* End XCRemoteSwiftPackageReference section */

/* Begin XCSwiftPackageProductDependency section */
		D745E3A026EA2AA900CA04F8 /* Quick */ = {
			isa = XCSwiftPackageProductDependency;
			package = D73B622A26EA1DF400C70E65 /* XCRemoteSwiftPackageReference "Quick" */;
			productName = Quick;
		};
		D745E3A226EA2AAD00CA04F8 /* Nimble */ = {
			isa = XCSwiftPackageProductDependency;
			package = D73B622D26EA1E1800C70E65 /* XCRemoteSwiftPackageReference "Nimble" */;
			productName = Nimble;
		};
/* End XCSwiftPackageProductDependency section */
	};
	rootObject = D7E8108B23259EA500B5A868 /* Project object */;
}
